
Microsoft Visual Studio Solution File, Format Version 12.00
# Visual Studio Version 17
VisualStudioVersion = 17.1.32228.430
MinimumVisualStudioVersion = 10.0.40219.1
Project("{2150E333-8FDC-42A3-9474-1A3956D46DE8}") = "src", "src", "{AF03A5BC-EACC-4F03-86C8-148A66F9DD64}"
EndProject
Project("{9A19103F-16F7-4668-BE54-9A1E7A4F7556}") = "ProductManagement.API", "src\ProductManagement.API\ProductManagement.API.csproj", "{04C91D92-AED8-44EE-8581-41FFA85B1568}"
EndProject
Project("{2150E333-8FDC-42A3-9474-1A3956D46DE8}") = "tests", "tests", "{52C7CBB7-AFC4-49A1-B271-6766108B26C7}"
EndProject
Project("{9A19103F-16F7-4668-BE54-9A1E7A4F7556}") = "ProductManagement.Test", "ProductManagement.Test\ProductManagement.Test.csproj", "{96DBA152-CB86-4F0C-8EE0-60F2CCE52CCA}"
EndProject
Project("{9A19103F-16F7-4668-BE54-9A1E7A4F7556}") = "ProductManagement.Core", "src\ProductManagement.Core\ProductManagement.Core.csproj", "{1BACDD02-729C-4B8D-94C1-E100AA32499A}"
EndProject
Project("{FAE04EC0-301F-11D3-BF4B-00C04F79EFBC}") = "ProductManagement.Domain", "src\ProductManagement.Domain\ProductManagement.Domain.csproj", "{4AC44426-0BFB-4A2F-8EBA-F3913E86CE84}"
EndProject
Project("{FAE04EC0-301F-11D3-BF4B-00C04F79EFBC}") = "ProductManagement.Persistence", "src\ProductManagement.Persistence\ProductManagement.Persistence.csproj", "{C7349D86-4B11-4DAE-9883-CF525AAFEB59}"
EndProject
Project("{FAE04EC0-301F-11D3-BF4B-00C04F79EFBC}") = "ProductManagement.Persistence.Test", "ProductManagement.Persistence.Test\ProductManagement.Persistence.Test.csproj", "{9C6BFC24-E8A9-4F67-9AF5-6504F232F8AB}"
EndProject
Global
	GlobalSection(SolutionConfigurationPlatforms) = preSolution
		Debug|Any CPU = Debug|Any CPU
		Release|Any CPU = Release|Any CPU
	EndGlobalSection
	GlobalSection(ProjectConfigurationPlatforms) = postSolution
		{04C91D92-AED8-44EE-8581-41FFA85B1568}.Debug|Any CPU.ActiveCfg = Debug|Any CPU
		{04C91D92-AED8-44EE-8581-41FFA85B1568}.Debug|Any CPU.Build.0 = Debug|Any CPU
		{04C91D92-AED8-44EE-8581-41FFA85B1568}.Release|Any CPU.ActiveCfg = Release|Any CPU
		{04C91D92-AED8-44EE-8581-41FFA85B1568}.Release|Any CPU.Build.0 = Release|Any CPU
		{96DBA152-CB86-4F0C-8EE0-60F2CCE52CCA}.Debug|Any CPU.ActiveCfg = Debug|Any CPU
		{96DBA152-CB86-4F0C-8EE0-60F2CCE52CCA}.Debug|Any CPU.Build.0 = Debug|Any CPU
		{96DBA152-CB86-4F0C-8EE0-60F2CCE52CCA}.Release|Any CPU.ActiveCfg = Release|Any CPU
		{96DBA152-CB86-4F0C-8EE0-60F2CCE52CCA}.Release|Any CPU.Build.0 = Release|Any CPU
		{1BACDD02-729C-4B8D-94C1-E100AA32499A}.Debug|Any CPU.ActiveCfg = Debug|Any CPU
		{1BACDD02-729C-4B8D-94C1-E100AA32499A}.Debug|Any CPU.Build.0 = Debug|Any CPU
		{1BACDD02-729C-4B8D-94C1-E100AA32499A}.Release|Any CPU.ActiveCfg = Release|Any CPU
		{1BACDD02-729C-4B8D-94C1-E100AA32499A}.Release|Any CPU.Build.0 = Release|Any CPU
		{4AC44426-0BFB-4A2F-8EBA-F3913E86CE84}.Debug|Any CPU.ActiveCfg = Debug|Any CPU
		{4AC44426-0BFB-4A2F-8EBA-F3913E86CE84}.Debug|Any CPU.Build.0 = Debug|Any CPU
		{4AC44426-0BFB-4A2F-8EBA-F3913E86CE84}.Release|Any CPU.ActiveCfg = Release|Any CPU
		{4AC44426-0BFB-4A2F-8EBA-F3913E86CE84}.Release|Any CPU.Build.0 = Release|Any CPU
		{C7349D86-4B11-4DAE-9883-CF525AAFEB59}.Debug|Any CPU.ActiveCfg = Debug|Any CPU
		{C7349D86-4B11-4DAE-9883-CF525AAFEB59}.Debug|Any CPU.Build.0 = Debug|Any CPU
		{C7349D86-4B11-4DAE-9883-CF525AAFEB59}.Release|Any CPU.ActiveCfg = Release|Any CPU
		{C7349D86-4B11-4DAE-9883-CF525AAFEB59}.Release|Any CPU.Build.0 = Release|Any CPU
		{9C6BFC24-E8A9-4F67-9AF5-6504F232F8AB}.Debug|Any CPU.ActiveCfg = Debug|Any CPU
		{9C6BFC24-E8A9-4F67-9AF5-6504F232F8AB}.Debug|Any CPU.Build.0 = Debug|Any CPU
		{9C6BFC24-E8A9-4F67-9AF5-6504F232F8AB}.Release|Any CPU.ActiveCfg = Release|Any CPU
		{9C6BFC24-E8A9-4F67-9AF5-6504F232F8AB}.Release|Any CPU.Build.0 = Release|Any CPU
	EndGlobalSection
	GlobalSection(SolutionProperties) = preSolution
		HideSolutionNode = FALSE
	EndGlobalSection
	GlobalSection(NestedProjects) = preSolution
		{04C91D92-AED8-44EE-8581-41FFA85B1568} = {AF03A5BC-EACC-4F03-86C8-148A66F9DD64}
		{96DBA152-CB86-4F0C-8EE0-60F2CCE52CCA} = {52C7CBB7-AFC4-49A1-B271-6766108B26C7}
		{1BACDD02-729C-4B8D-94C1-E100AA32499A} = {AF03A5BC-EACC-4F03-86C8-148A66F9DD64}
		{4AC44426-0BFB-4A2F-8EBA-F3913E86CE84} = {AF03A5BC-EACC-4F03-86C8-148A66F9DD64}
		{C7349D86-4B11-4DAE-9883-CF525AAFEB59} = {AF03A5BC-EACC-4F03-86C8-148A66F9DD64}
		{9C6BFC24-E8A9-4F67-9AF5-6504F232F8AB} = {52C7CBB7-AFC4-49A1-B271-6766108B26C7}
	EndGlobalSection
	GlobalSection(ExtensibilityGlobals) = postSolution
		SolutionGuid = {E1827AE4-55DA-482B-80E2-3D4D5457BFC2}
	EndGlobalSection
EndGlobal
